
Microsoft Visual Studio Solution File, Format Version 12.00
Project("{FAE04EC0-301F-11D3-BF4B-00C04F79EFBC}") = "FastDotnetEfSqlite", "FastDotnetEfSqlite.csproj", "{0EF9B32A-5226-412E-8AEA-31092948185A}"
EndProject
Global
	GlobalSection(SolutionConfigurationPlatforms) = preSolution
		Debug|Any CPU = Debug|Any CPU
		Release|Any CPU = Release|Any CPU
	EndGlobalSection
	GlobalSection(ProjectConfigurationPlatforms) = postSolution
		{0EF9B32A-5226-412E-8AEA-31092948185A}.Debug|Any CPU.ActiveCfg = Debug|Any CPU
		{0EF9B32A-5226-412E-8AEA-31092948185A}.Debug|Any CPU.Build.0 = Debug|Any CPU
		{0EF9B32A-5226-412E-8AEA-31092948185A}.Release|Any CPU.ActiveCfg = Release|Any CPU
		{0EF9B32A-5226-412E-8AEA-31092948185A}.Release|Any CPU.Build.0 = Release|Any CPU
	EndGlobalSection
EndGlobal
